layout: project
published: true
title: 桌面小闹钟 AlarmClock
image:
  url: /assets/images/alarmclock.jpg
  title: AlarmClock
  alt: AlarmClock Ver1.0.9
description:
  Aegis是一款短小而精悍的桌面小闹钟，平时您可以单击右上角的x将她最小化到系统托盘，完全不会占用您的桌面空间。
website: http://www.im47.cn/assets/AlarmClock.rar
project_description: 她可以为您提供但不仅限于以下功能，比如整点报时、定时关机、提醒你要做的事（又比如偷菜、补水、休息、学习等等）。<br /><br />如果您需要严格的管理自己的时间，那么她很适合您；<br />如果您经常忘记自己的工作和学习，那么她很适合你；<br />如果您记忆很好但又怕忘记很重要的事情，那么她很适合您；<br />如果您有在朋友生日发送祝福短信的习惯，那么她很适合你；<br />如果您要考研、考博、考公务员等等，那么她很适合您；<br />如果您的朋友有上面的需要，那么您应该把这款软件推荐给她；<br />如果...<br /><br />最重要的是如果您需要扩展其他功能，只需在本页最下面留言，我会根据需要进行扩展和完善。<br /><br /><h3>主要功能</h3><br />显示当前系统时间<br />整点语音报时、半点提示音<br />理论上可以无限添加闹钟<br />可以任意修改、删除已有闹钟<br />支持重复提醒，每小时、每天、每周、每月、每季、每年<br />支持提醒方式有语音提醒、文本气球提醒<br />在主界面单击右键可以更换主题(13款颜色任你选择，也可以自己替换喜欢的图片)<br />左键单击系统托盘图标可以提交对本软件的意见和建议<br />游戏模式(紧张开发中...0%)<br />定时自动关机<br />关机前30秒提醒<br />备忘录(紧张开发中...0%)<br />开机自动启动<br />最小化到系统托盘<br />自动在线更新<br />占用系统资源少(紧张开发中...20%)<br />迷你模式(紧张开发中...0%)<br />跨平台应用(紧张开发中...0%)<br />
short: Aegis是一款短小而精悍的桌面小闹钟.
endorsements:
-
  body:
    Working with this company was great!
  from: Endorser Name
  role: Project Manager
-
  body:
    Working with this company was great!
  from: Endorser Name
  role: Project Manager